
Microsoft Visual Studio Solution File, Format Version 12.00
# Visual Studio 15
VisualStudioVersion = 15.0.28307.329
MinimumVisualStudioVersion = 10.0.40219.1
Project("{FAE04EC0-301F-11D3-BF4B-00C04F79EFBC}") = "CRUDGridView", "CRUDGridView\CRUDGridView.csproj", "{121931BF-1FC6-42D4-9EEF-FDBCA90C0201}"
EndProject
Global
	GlobalSection(SolutionConfigurationPlatforms) = preSolution
		Debug|Any CPU = Debug|Any CPU
		Release|Any CPU = Release|Any CPU
	EndGlobalSection
	GlobalSection(ProjectConfigurationPlatforms) = postSolution
		{121931BF-1FC6-42D4-9EEF-FDBCA90C0201}.Debug|Any CPU.ActiveCfg = Debug|Any CPU
		{121931BF-1FC6-42D4-9EEF-FDBCA90C0201}.Debug|Any CPU.Build.0 = Debug|Any CPU
		{121931BF-1FC6-42D4-9EEF-FDBCA90C0201}.Release|Any CPU.ActiveCfg = Release|Any CPU
		{121931BF-1FC6-42D4-9EEF-FDBCA90C0201}.Release|Any CPU.Build.0 = Release|Any CPU
	EndGlobalSection
	GlobalSection(SolutionProperties) = preSolution
		HideSolutionNode = FALSE
	EndGlobalSection
	GlobalSection(ExtensibilityGlobals) = postSolution
		SolutionGuid = {900515F7-DCA5-48A7-95E7-E2309A0BCD47}
	EndGlobalSection
EndGlobal
